// !$*UTF8*$!
{
	archiveVersion = 1;
	classes = {
	};
	objectVersion = 55;
	objects = {

/* Begin PBXBuildFile section */
		483F10AF27BC4E6C00AF4734 /* WidgetKit.framework in Frameworks */ = {isa = PBXBuildFile; fileRef = 69E650EC27A588000069AF55 /* WidgetKit.framework */; };
		483F10B027BC4E6C00AF4734 /* SwiftUI.framework in Frameworks */ = {isa = PBXBuildFile; fileRef = 69E650EE27A588000069AF55 /* SwiftUI.framework */; };
		483F10B327BC4E6C00AF4734 /* LoLWidgetExtension.swift in Sources */ = {isa = PBXBuildFile; fileRef = 483F10B227BC4E6C00AF4734 /* LoLWidgetExtension.swift */; };
		483F10B627BC4E6E00AF4734 /* Assets.xcassets in Resources */ = {isa = PBXBuildFile; fileRef = 483F10B527BC4E6E00AF4734 /* Assets.xcassets */; };
		483F10B827BC4E6E00AF4734 /* LoLWidgetExtension.intentdefinition in Sources */ = {isa = PBXBuildFile; fileRef = 483F10B427BC4E6C00AF4734 /* LoLWidgetExtension.intentdefinition */; };
		483F10B927BC4E6E00AF4734 /* LoLWidgetExtension.intentdefinition in Sources */ = {isa = PBXBuildFile; fileRef = 483F10B427BC4E6C00AF4734 /* LoLWidgetExtension.intentdefinition */; };
		483F10BC27BC4E6E00AF4734 /* LoLWidgetExtensionExtension.appex in Embed App Extensions */ = {isa = PBXBuildFile; fileRef = 483F10AE27BC4E6C00AF4734 /* LoLWidgetExtensionExtension.appex */; settings = {ATTRIBUTES = (RemoveHeadersOnCopy, ); }; };
		483F10C327BC4F0D00AF4734 /* Provider.swift in Sources */ = {isa = PBXBuildFile; fileRef = 483F10C227BC4F0D00AF4734 /* Provider.swift */; };
		4861852527ABF6BF006CAFB6 /* SearchBar.swift in Sources */ = {isa = PBXBuildFile; fileRef = 4861852427ABF6BF006CAFB6 /* SearchBar.swift */; };
		4861852727ABF6C9006CAFB6 /* League.swift in Sources */ = {isa = PBXBuildFile; fileRef = 4861852627ABF6C9006CAFB6 /* League.swift */; };
		4861852C27ABFCEA006CAFB6 /* LabelAndText.swift in Sources */ = {isa = PBXBuildFile; fileRef = 4861852B27ABFCEA006CAFB6 /* LabelAndText.swift */; };
		4861852E27AC00E0006CAFB6 /* MainViewModel.swift in Sources */ = {isa = PBXBuildFile; fileRef = 4861852D27AC00E0006CAFB6 /* MainViewModel.swift */; };
		4875CD0027A873BE0034FF3C /* Shared.xcassets in Resources */ = {isa = PBXBuildFile; fileRef = 4875CCFF27A873BE0034FF3C /* Shared.xcassets */; };
		4882BA6227BC4FA900BD626E /* LoLWidgetExtensionEntryView.swift in Sources */ = {isa = PBXBuildFile; fileRef = 4882BA6027BC4F9200BD626E /* LoLWidgetExtensionEntryView.swift */; };
		4882BA6527BC4FDE00BD626E /* WidgetEntry.swift in Sources */ = {isa = PBXBuildFile; fileRef = 4882BA6327BC4FC300BD626E /* WidgetEntry.swift */; };
		4882BA6D27BC51E300BD626E /* Constraints.swift in Sources */ = {isa = PBXBuildFile; fileRef = 48C8B88527A5A4BC009E906E /* Constraints.swift */; };
		4882BA6E27BC51E300BD626E /* RiotService.swift in Sources */ = {isa = PBXBuildFile; fileRef = 48C8B87E27A59BD7009E906E /* RiotService.swift */; };
		4882BA6F27BC51E300BD626E /* SummonerDTO.swift in Sources */ = {isa = PBXBuildFile; fileRef = 48C8B88027A5A00F009E906E /* SummonerDTO.swift */; };
		4882BA7027BC51E300BD626E /* LeagueEntryDTO.swift in Sources */ = {isa = PBXBuildFile; fileRef = 48C8B88227A5A076009E906E /* LeagueEntryDTO.swift */; };
		4882BA7127BC51E300BD626E /* RiotQuery.swift in Sources */ = {isa = PBXBuildFile; fileRef = 48BB030E27A5BE2E0067EB15 /* RiotQuery.swift */; };
		4882BA7227BC51E300BD626E /* League.swift in Sources */ = {isa = PBXBuildFile; fileRef = 4861852627ABF6C9006CAFB6 /* League.swift */; };
		4882BA7327BC51E300BD626E /* Shared.xcassets in Resources */ = {isa = PBXBuildFile; fileRef = 4875CCFF27A873BE0034FF3C /* Shared.xcassets */; };
		4882BA7527BC57B000BD626E /* Alamofire in Frameworks */ = {isa = PBXBuildFile; productRef = 4882BA7427BC57B000BD626E /* Alamofire */; };
		4882BA7727BC57B000BD626E /* Moya in Frameworks */ = {isa = PBXBuildFile; productRef = 4882BA7627BC57B000BD626E /* Moya */; };
		4882BA7827BC595600BD626E /* LabelAndText.swift in Sources */ = {isa = PBXBuildFile; fileRef = 4861852B27ABFCEA006CAFB6 /* LabelAndText.swift */; };
		4894751227BC64090034C426 /* Shared.xcconfig in Resources */ = {isa = PBXBuildFile; fileRef = 4894751127BC64090034C426 /* Shared.xcconfig */; };
		4894751327BC64090034C426 /* Shared.xcconfig in Resources */ = {isa = PBXBuildFile; fileRef = 4894751127BC64090034C426 /* Shared.xcconfig */; };
		48BB030D27A5B0830067EB15 /* Moya in Frameworks */ = {isa = PBXBuildFile; productRef = 48BB030C27A5B0830067EB15 /* Moya */; };
		48BB030F27A5BE2E0067EB15 /* RiotQuery.swift in Sources */ = {isa = PBXBuildFile; fileRef = 48BB030E27A5BE2E0067EB15 /* RiotQuery.swift */; };
		48C8B87F27A59BD7009E906E /* RiotService.swift in Sources */ = {isa = PBXBuildFile; fileRef = 48C8B87E27A59BD7009E906E /* RiotService.swift */; };
		48C8B88127A5A00F009E906E /* SummonerDTO.swift in Sources */ = {isa = PBXBuildFile; fileRef = 48C8B88027A5A00F009E906E /* SummonerDTO.swift */; };
		48C8B88327A5A076009E906E /* LeagueEntryDTO.swift in Sources */ = {isa = PBXBuildFile; fileRef = 48C8B88227A5A076009E906E /* LeagueEntryDTO.swift */; };
		48C8B88627A5A4BC009E906E /* Constraints.swift in Sources */ = {isa = PBXBuildFile; fileRef = 48C8B88527A5A4BC009E906E /* Constraints.swift */; };
		48C8B88A27A5AE72009E906E /* Alamofire in Frameworks */ = {isa = PBXBuildFile; productRef = 48C8B88927A5AE72009E906E /* Alamofire */; };
		69E650BD27A587AA0069AF55 /* LoLWidgetApp.swift in Sources */ = {isa = PBXBuildFile; fileRef = 69E650BC27A587AA0069AF55 /* LoLWidgetApp.swift */; };
		69E650BF27A587AA0069AF55 /* MainView.swift in Sources */ = {isa = PBXBuildFile; fileRef = 69E650BE27A587AA0069AF55 /* MainView.swift */; };
		69E650C127A587AC0069AF55 /* Assets.xcassets in Resources */ = {isa = PBXBuildFile; fileRef = 69E650C027A587AC0069AF55 /* Assets.xcassets */; };
		69E650C427A587AC0069AF55 /* Preview Assets.xcassets in Resources */ = {isa = PBXBuildFile; fileRef = 69E650C327A587AC0069AF55 /* Preview Assets.xcassets */; };
/* End PBXBuildFile section */

/* Begin PBXContainerItemProxy section */
		483F10BA27BC4E6E00AF4734 /* PBXContainerItemProxy */ = {
			isa = PBXContainerItemProxy;
			containerPortal = 69E650B127A587AA0069AF55 /* Project object */;
			proxyType = 1;
			remoteGlobalIDString = 483F10AD27BC4E6C00AF4734;
			remoteInfo = LoLWidgetExtensionExtension;
		};
/* End PBXContainerItemProxy section */

/* Begin PBXCopyFilesBuildPhase section */
		69E650FF27A588010069AF55 /* Embed App Extensions */ = {
			isa = PBXCopyFilesBuildPhase;
			buildActionMask = 2147483647;
			dstPath = "";
			dstSubfolderSpec = 13;
			files = (
				483F10BC27BC4E6E00AF4734 /* LoLWidgetExtensionExtension.appex in Embed App Extensions */,
			);
			name = "Embed App Extensions";
			runOnlyForDeploymentPostprocessing = 0;
		};
/* End PBXCopyFilesBuildPhase section */

/* Begin PBXFileReference section */
		4814DB0B27A591EA00A376CA /* Info.plist */ = {isa = PBXFileReference; lastKnownFileType = text.plist; path = Info.plist; sourceTree = "<group>"; };
		483F10AE27BC4E6C00AF4734 /* LoLWidgetExtensionExtension.appex */ = {isa = PBXFileReference; explicitFileType = "wrapper.app-extension"; includeInIndex = 0; path = LoLWidgetExtensionExtension.appex; sourceTree = BUILT_PRODUCTS_DIR; };
		483F10B227BC4E6C00AF4734 /* LoLWidgetExtension.swift */ = {isa = PBXFileReference; lastKnownFileType = sourcecode.swift; path = LoLWidgetExtension.swift; sourceTree = "<group>"; };
		483F10B427BC4E6C00AF4734 /* LoLWidgetExtension.intentdefinition */ = {isa = PBXFileReference; lastKnownFileType = file.intentdefinition; path = LoLWidgetExtension.intentdefinition; sourceTree = "<group>"; };
		483F10B527BC4E6E00AF4734 /* Assets.xcassets */ = {isa = PBXFileReference; lastKnownFileType = folder.assetcatalog; path = Assets.xcassets; sourceTree = "<group>"; };
		483F10B727BC4E6E00AF4734 /* Info.plist */ = {isa = PBXFileReference; lastKnownFileType = text.plist.xml; path = Info.plist; sourceTree = "<group>"; };
		483F10C227BC4F0D00AF4734 /* Provider.swift */ = {isa = PBXFileReference; lastKnownFileType = sourcecode.swift; path = Provider.swift; sourceTree = "<group>"; };
		4861852427ABF6BF006CAFB6 /* SearchBar.swift */ = {isa = PBXFileReference; fileEncoding = 4; lastKnownFileType = sourcecode.swift; path = SearchBar.swift; sourceTree = "<group>"; };
		4861852627ABF6C9006CAFB6 /* League.swift */ = {isa = PBXFileReference; fileEncoding = 4; lastKnownFileType = sourcecode.swift; path = League.swift; sourceTree = "<group>"; };
		4861852A27ABF756006CAFB6 /* Shared.xcconfig */ = {isa = PBXFileReference; lastKnownFileType = text.xcconfig; path = Shared.xcconfig; sourceTree = "<group>"; };
		4861852B27ABFCEA006CAFB6 /* LabelAndText.swift */ = {isa = PBXFileReference; lastKnownFileType = sourcecode.swift; path = LabelAndText.swift; sourceTree = "<group>"; };
		4861852D27AC00E0006CAFB6 /* MainViewModel.swift */ = {isa = PBXFileReference; lastKnownFileType = sourcecode.swift; path = MainViewModel.swift; sourceTree = "<group>"; };
		4875CCFF27A873BE0034FF3C /* Shared.xcassets */ = {isa = PBXFileReference; lastKnownFileType = folder.assetcatalog; path = Shared.xcassets; sourceTree = "<group>"; };
		4882BA6027BC4F9200BD626E /* LoLWidgetExtensionEntryView.swift */ = {isa = PBXFileReference; lastKnownFileType = sourcecode.swift; path = LoLWidgetExtensionEntryView.swift; sourceTree = "<group>"; };
		4882BA6327BC4FC300BD626E /* WidgetEntry.swift */ = {isa = PBXFileReference; lastKnownFileType = sourcecode.swift; path = WidgetEntry.swift; sourceTree = "<group>"; };
		4894751127BC64090034C426 /* Shared.xcconfig */ = {isa = PBXFileReference; fileEncoding = 4; lastKnownFileType = text.xcconfig; path = Shared.xcconfig; sourceTree = "<group>"; };
		48BB030E27A5BE2E0067EB15 /* RiotQuery.swift */ = {isa = PBXFileReference; lastKnownFileType = sourcecode.swift; path = RiotQuery.swift; sourceTree = "<group>"; };
		48C8B87E27A59BD7009E906E /* RiotService.swift */ = {isa = PBXFileReference; lastKnownFileType = sourcecode.swift; path = RiotService.swift; sourceTree = "<group>"; };
		48C8B88027A5A00F009E906E /* SummonerDTO.swift */ = {isa = PBXFileReference; lastKnownFileType = sourcecode.swift; path = SummonerDTO.swift; sourceTree = "<group>"; };
		48C8B88227A5A076009E906E /* LeagueEntryDTO.swift */ = {isa = PBXFileReference; lastKnownFileType = sourcecode.swift; path = LeagueEntryDTO.swift; sourceTree = "<group>"; };
		48C8B88527A5A4BC009E906E /* Constraints.swift */ = {isa = PBXFileReference; lastKnownFileType = sourcecode.swift; path = Constraints.swift; sourceTree = "<group>"; };
		69E650B927A587AA0069AF55 /* LoLWidget.app */ = {isa = PBXFileReference; explicitFileType = wrapper.application; includeInIndex = 0; path = LoLWidget.app; sourceTree = BUILT_PRODUCTS_DIR; };
		69E650BC27A587AA0069AF55 /* LoLWidgetApp.swift */ = {isa = PBXFileReference; lastKnownFileType = sourcecode.swift; path = LoLWidgetApp.swift; sourceTree = "<group>"; };
		69E650BE27A587AA0069AF55 /* MainView.swift */ = {isa = PBXFileReference; lastKnownFileType = sourcecode.swift; path = MainView.swift; sourceTree = "<group>"; };
		69E650C027A587AC0069AF55 /* Assets.xcassets */ = {isa = PBXFileReference; lastKnownFileType = folder.assetcatalog; path = Assets.xcassets; sourceTree = "<group>"; };
		69E650C327A587AC0069AF55 /* Preview Assets.xcassets */ = {isa = PBXFileReference; lastKnownFileType = folder.assetcatalog; path = "Preview Assets.xcassets"; sourceTree = "<group>"; };
		69E650EC27A588000069AF55 /* WidgetKit.framework */ = {isa = PBXFileReference; lastKnownFileType = wrapper.framework; name = WidgetKit.framework; path = System/Library/Frameworks/WidgetKit.framework; sourceTree = SDKROOT; };
		69E650EE27A588000069AF55 /* SwiftUI.framework */ = {isa = PBXFileReference; lastKnownFileType = wrapper.framework; name = SwiftUI.framework; path = System/Library/Frameworks/SwiftUI.framework; sourceTree = SDKROOT; };
/* End PBXFileReference section */

/* Begin PBXFrameworksBuildPhase section */
		483F10AB27BC4E6C00AF4734 /* Frameworks */ = {
			isa = PBXFrameworksBuildPhase;
			buildActionMask = 2147483647;
			files = (
				4882BA7527BC57B000BD626E /* Alamofire in Frameworks */,
				483F10B027BC4E6C00AF4734 /* SwiftUI.framework in Frameworks */,
				4882BA7727BC57B000BD626E /* Moya in Frameworks */,
				483F10AF27BC4E6C00AF4734 /* WidgetKit.framework in Frameworks */,
			);
			runOnlyForDeploymentPostprocessing = 0;
		};
		69E650B627A587AA0069AF55 /* Frameworks */ = {
			isa = PBXFrameworksBuildPhase;
			buildActionMask = 2147483647;
			files = (
				48BB030D27A5B0830067EB15 /* Moya in Frameworks */,
				48C8B88A27A5AE72009E906E /* Alamofire in Frameworks */,
			);
			runOnlyForDeploymentPostprocessing = 0;
		};
/* End PBXFrameworksBuildPhase section */

/* Begin PBXGroup section */
		483F10B127BC4E6C00AF4734 /* LoLWidgetExtension */ = {
			isa = PBXGroup;
			children = (
				483F10B227BC4E6C00AF4734 /* LoLWidgetExtension.swift */,
				483F10C227BC4F0D00AF4734 /* Provider.swift */,
				4882BA6027BC4F9200BD626E /* LoLWidgetExtensionEntryView.swift */,
				4882BA6327BC4FC300BD626E /* WidgetEntry.swift */,
				483F10B427BC4E6C00AF4734 /* LoLWidgetExtension.intentdefinition */,
				483F10B527BC4E6E00AF4734 /* Assets.xcassets */,
				483F10B727BC4E6E00AF4734 /* Info.plist */,
			);
			path = LoLWidgetExtension;
			sourceTree = "<group>";
		};
		4861852F27AC00EB006CAFB6 /* Components */ = {
			isa = PBXGroup;
			children = (
				4861852427ABF6BF006CAFB6 /* SearchBar.swift */,
				4861852B27ABFCEA006CAFB6 /* LabelAndText.swift */,
			);
			path = Components;
			sourceTree = "<group>";
		};
		4875CCED27A870B70034FF3C /* Shared */ = {
			isa = PBXGroup;
			children = (
				48C8B88527A5A4BC009E906E /* Constraints.swift */,
				4894751127BC64090034C426 /* Shared.xcconfig */,
				4875CCFF27A873BE0034FF3C /* Shared.xcassets */,
				4875CCEE27A870C50034FF3C /* Domain */,
				4861852A27ABF756006CAFB6 /* Shared.xcconfig */,
			);
			path = Shared;
			sourceTree = "<group>";
		};
		4875CCEE27A870C50034FF3C /* Domain */ = {
			isa = PBXGroup;
			children = (
				48C8B87E27A59BD7009E906E /* RiotService.swift */,
				48BB030E27A5BE2E0067EB15 /* RiotQuery.swift */,
				4875CCEF27A870D60034FF3C /* Model */,
			);
			path = Domain;
			sourceTree = "<group>";
		};
		4875CCEF27A870D60034FF3C /* Model */ = {
			isa = PBXGroup;
			children = (
				48C8B88027A5A00F009E906E /* SummonerDTO.swift */,
				4861852627ABF6C9006CAFB6 /* League.swift */,
				48C8B88227A5A076009E906E /* LeagueEntryDTO.swift */,
			);
			path = Model;
			sourceTree = "<group>";
		};
		69E650B027A587AA0069AF55 = {
			isa = PBXGroup;
			children = (
				4875CCED27A870B70034FF3C /* Shared */,
				69E650BB27A587AA0069AF55 /* LoLWidget */,
				483F10B127BC4E6C00AF4734 /* LoLWidgetExtension */,
				69E650EB27A588000069AF55 /* Frameworks */,
				69E650BA27A587AA0069AF55 /* Products */,
			);
			sourceTree = "<group>";
		};
		69E650BA27A587AA0069AF55 /* Products */ = {
			isa = PBXGroup;
			children = (
				69E650B927A587AA0069AF55 /* LoLWidget.app */,
				483F10AE27BC4E6C00AF4734 /* LoLWidgetExtensionExtension.appex */,
			);
			name = Products;
			sourceTree = "<group>";
		};
		69E650BB27A587AA0069AF55 /* LoLWidget */ = {
			isa = PBXGroup;
			children = (
				4814DB0B27A591EA00A376CA /* Info.plist */,
				69E650BC27A587AA0069AF55 /* LoLWidgetApp.swift */,
				69E650BE27A587AA0069AF55 /* MainView.swift */,
				4861852D27AC00E0006CAFB6 /* MainViewModel.swift */,
				4861852F27AC00EB006CAFB6 /* Components */,
				69E650C027A587AC0069AF55 /* Assets.xcassets */,
				69E650C227A587AC0069AF55 /* Preview Content */,
			);
			path = LoLWidget;
			sourceTree = "<group>";
		};
		69E650C227A587AC0069AF55 /* Preview Content */ = {
			isa = PBXGroup;
			children = (
				69E650C327A587AC0069AF55 /* Preview Assets.xcassets */,
			);
			path = "Preview Content";
			sourceTree = "<group>";
		};
		69E650EB27A588000069AF55 /* Frameworks */ = {
			isa = PBXGroup;
			children = (
				69E650EC27A588000069AF55 /* WidgetKit.framework */,
				69E650EE27A588000069AF55 /* SwiftUI.framework */,
			);
			name = Frameworks;
			sourceTree = "<group>";
		};
/* End PBXGroup section */

/* Begin PBXNativeTarget section */
		483F10AD27BC4E6C00AF4734 /* LoLWidgetExtensionExtension */ = {
			isa = PBXNativeTarget;
			buildConfigurationList = 483F10BD27BC4E6E00AF4734 /* Build configuration list for PBXNativeTarget "LoLWidgetExtensionExtension" */;
			buildPhases = (
				483F10AA27BC4E6C00AF4734 /* Sources */,
				483F10AB27BC4E6C00AF4734 /* Frameworks */,
				483F10AC27BC4E6C00AF4734 /* Resources */,
			);
			buildRules = (
			);
			dependencies = (
			);
			name = LoLWidgetExtensionExtension;
			packageProductDependencies = (
				4882BA7427BC57B000BD626E /* Alamofire */,
				4882BA7627BC57B000BD626E /* Moya */,
			);
			productName = LoLWidgetExtensionExtension;
			productReference = 483F10AE27BC4E6C00AF4734 /* LoLWidgetExtensionExtension.appex */;
			productType = "com.apple.product-type.app-extension";
		};
		69E650B827A587AA0069AF55 /* LoLWidget */ = {
			isa = PBXNativeTarget;
			buildConfigurationList = 69E650DD27A587AC0069AF55 /* Build configuration list for PBXNativeTarget "LoLWidget" */;
			buildPhases = (
				4875CD0527A880340034FF3C /* SwiftFormat && SwiftLint */,
				69E650B527A587AA0069AF55 /* Sources */,
				69E650B627A587AA0069AF55 /* Frameworks */,
				69E650B727A587AA0069AF55 /* Resources */,
				69E650FF27A588010069AF55 /* Embed App Extensions */,
			);
			buildRules = (
			);
			dependencies = (
				483F10BB27BC4E6E00AF4734 /* PBXTargetDependency */,
			);
			name = LoLWidget;
			packageProductDependencies = (
				48C8B88927A5AE72009E906E /* Alamofire */,
				48BB030C27A5B0830067EB15 /* Moya */,
			);
			productName = LoLWidget;
			productReference = 69E650B927A587AA0069AF55 /* LoLWidget.app */;
			productType = "com.apple.product-type.application";
		};
/* End PBXNativeTarget section */

/* Begin PBXProject section */
		69E650B127A587AA0069AF55 /* Project object */ = {
			isa = PBXProject;
			attributes = {
				BuildIndependentTargetsInParallel = 1;
				LastSwiftUpdateCheck = 1320;
				LastUpgradeCheck = 1320;
				TargetAttributes = {
					483F10AD27BC4E6C00AF4734 = {
						CreatedOnToolsVersion = 13.2.1;
					};
					69E650B827A587AA0069AF55 = {
						CreatedOnToolsVersion = 13.2.1;
					};
				};
			};
			buildConfigurationList = 69E650B427A587AA0069AF55 /* Build configuration list for PBXProject "LoLWidget" */;
			compatibilityVersion = "Xcode 13.0";
			developmentRegion = en;
			hasScannedForEncodings = 0;
			knownRegions = (
				en,
				Base,
			);
			mainGroup = 69E650B027A587AA0069AF55;
			packageReferences = (
				48C8B88827A5AE72009E906E /* XCRemoteSwiftPackageReference "Alamofire" */,
				48BB030B27A5B0830067EB15 /* XCRemoteSwiftPackageReference "Moya" */,
			);
			productRefGroup = 69E650BA27A587AA0069AF55 /* Products */;
			projectDirPath = "";
			projectRoot = "";
			targets = (
				69E650B827A587AA0069AF55 /* LoLWidget */,
				483F10AD27BC4E6C00AF4734 /* LoLWidgetExtensionExtension */,
			);
		};
/* End PBXProject section */

/* Begin PBXResourcesBuildPhase section */
		483F10AC27BC4E6C00AF4734 /* Resources */ = {
			isa = PBXResourcesBuildPhase;
			buildActionMask = 2147483647;
			files = (
				4882BA7327BC51E300BD626E /* Shared.xcassets in Resources */,
				483F10B627BC4E6E00AF4734 /* Assets.xcassets in Resources */,
				4894751327BC64090034C426 /* Shared.xcconfig in Resources */,
			);
			runOnlyForDeploymentPostprocessing = 0;
		};
		69E650B727A587AA0069AF55 /* Resources */ = {
			isa = PBXResourcesBuildPhase;
			buildActionMask = 2147483647;
			files = (
				69E650C427A587AC0069AF55 /* Preview Assets.xcassets in Resources */,
				4894751227BC64090034C426 /* Shared.xcconfig in Resources */,
				69E650C127A587AC0069AF55 /* Assets.xcassets in Resources */,
				4875CD0027A873BE0034FF3C /* Shared.xcassets in Resources */,
			);
			runOnlyForDeploymentPostprocessing = 0;
		};
/* End PBXResourcesBuildPhase section */

/* Begin PBXShellScriptBuildPhase section */
		4875CD0527A880340034FF3C /* SwiftFormat && SwiftLint */ = {
			isa = PBXShellScriptBuildPhase;
			buildActionMask = 2147483647;
			files = (
			);
			inputFileListPaths = (
			);
			inputPaths = (
			);
			name = "SwiftFormat && SwiftLint";
			outputFileListPaths = (
			);
			outputPaths = (
			);
			runOnlyForDeploymentPostprocessing = 0;
			shellPath = /bin/sh;
			shellScript = "if which swiftformat >/dev/null; then\n   swiftformat .\nelse\n  echo \"warning: SwiftFormat not installed, download from https://github.com/nicklockwood/SwiftFormat\"\nfi\n\nif which swiftlint >/dev/null; then\n  swiftlint --fix\nelse\n  echo \"warning: SwiftLint not installed, download from https://github.com/realm/SwiftLint\"\nfi\n";
		};
/* End PBXShellScriptBuildPhase section */

/* Begin PBXSourcesBuildPhase section */
		483F10AA27BC4E6C00AF4734 /* Sources */ = {
			isa = PBXSourcesBuildPhase;
			buildActionMask = 2147483647;
			files = (
				483F10C327BC4F0D00AF4734 /* Provider.swift in Sources */,
				4882BA7827BC595600BD626E /* LabelAndText.swift in Sources */,
				4882BA6D27BC51E300BD626E /* Constraints.swift in Sources */,
				483F10B827BC4E6E00AF4734 /* LoLWidgetExtension.intentdefinition in Sources */,
				4882BA6E27BC51E300BD626E /* RiotService.swift in Sources */,
				4882BA7127BC51E300BD626E /* RiotQuery.swift in Sources */,
				4882BA6227BC4FA900BD626E /* LoLWidgetExtensionEntryView.swift in Sources */,
				4882BA6527BC4FDE00BD626E /* WidgetEntry.swift in Sources */,
				4882BA7027BC51E300BD626E /* LeagueEntryDTO.swift in Sources */,
				4882BA6F27BC51E300BD626E /* SummonerDTO.swift in Sources */,
				4882BA7227BC51E300BD626E /* League.swift in Sources */,
				483F10B327BC4E6C00AF4734 /* LoLWidgetExtension.swift in Sources */,
			);
			runOnlyForDeploymentPostprocessing = 0;
		};
		69E650B527A587AA0069AF55 /* Sources */ = {
			isa = PBXSourcesBuildPhase;
			buildActionMask = 2147483647;
			files = (
				69E650BF27A587AA0069AF55 /* MainView.swift in Sources */,
				4861852727ABF6C9006CAFB6 /* League.swift in Sources */,
				48C8B88327A5A076009E906E /* LeagueEntryDTO.swift in Sources */,
				4861852E27AC00E0006CAFB6 /* MainViewModel.swift in Sources */,
				483F10B927BC4E6E00AF4734 /* LoLWidgetExtension.intentdefinition in Sources */,
				4861852C27ABFCEA006CAFB6 /* LabelAndText.swift in Sources */,
				48C8B88127A5A00F009E906E /* SummonerDTO.swift in Sources */,
				48C8B88627A5A4BC009E906E /* Constraints.swift in Sources */,
				69E650BD27A587AA0069AF55 /* LoLWidgetApp.swift in Sources */,
				4861852527ABF6BF006CAFB6 /* SearchBar.swift in Sources */,
				48BB030F27A5BE2E0067EB15 /* RiotQuery.swift in Sources */,
				48C8B87F27A59BD7009E906E /* RiotService.swift in Sources */,
			);
			runOnlyForDeploymentPostprocessing = 0;
		};
/* End PBXSourcesBuildPhase section */

/* Begin PBXTargetDependency section */
		483F10BB27BC4E6E00AF4734 /* PBXTargetDependency */ = {
			isa = PBXTargetDependency;
			target = 483F10AD27BC4E6C00AF4734 /* LoLWidgetExtensionExtension */;
			targetProxy = 483F10BA27BC4E6E00AF4734 /* PBXContainerItemProxy */;
		};
/* End PBXTargetDependency section */

/* Begin XCBuildConfiguration section */
		483F10BE27BC4E6E00AF4734 /* Debug */ = {
			isa = XCBuildConfiguration;
			buildSettings = {
				ASSETCATALOG_COMPILER_GLOBAL_ACCENT_COLOR_NAME = AccentColor;
				ASSETCATALOG_COMPILER_WIDGET_BACKGROUND_COLOR_NAME = WidgetBackground;
				CODE_SIGN_STYLE = Automatic;
				CURRENT_PROJECT_VERSION = 1;
				DEVELOPMENT_TEAM = 78X32W2D44;
				GENERATE_INFOPLIST_FILE = YES;
				INFOPLIST_FILE = LoLWidgetExtension/Info.plist;
				INFOPLIST_KEY_CFBundleDisplayName = LoLWidgetExtension;
				INFOPLIST_KEY_NSHumanReadableCopyright = "";
				LD_RUNPATH_SEARCH_PATHS = (
					"$(inherited)",
					"@executable_path/Frameworks",
					"@executable_path/../../Frameworks",
				);
				MARKETING_VERSION = 1.0;
				PRODUCT_BUNDLE_IDENTIFIER = Jay.LoLWidget.LoLWidgetExtension;
				PRODUCT_NAME = "$(TARGET_NAME)";
				SKIP_INSTALL = YES;
				SWIFT_EMIT_LOC_STRINGS = YES;
				SWIFT_VERSION = 5.0;
				TARGETED_DEVICE_FAMILY = "1,2";
			};
			name = Debug;
		};
		483F10BF27BC4E6E00AF4734 /* Release */ = {
			isa = XCBuildConfiguration;
			buildSettings = {
				ASSETCATALOG_COMPILER_GLOBAL_ACCENT_COLOR_NAME = AccentColor;
				ASSETCATALOG_COMPILER_WIDGET_BACKGROUND_COLOR_NAME = WidgetBackground;
				CODE_SIGN_STYLE = Automatic;
				CURRENT_PROJECT_VERSION = 1;
				DEVELOPMENT_TEAM = 78X32W2D44;
				GENERATE_INFOPLIST_FILE = YES;
				INFOPLIST_FILE = LoLWidgetExtension/Info.plist;
				INFOPLIST_KEY_CFBundleDisplayName = LoLWidgetExtension;
				INFOPLIST_KEY_NSHumanReadableCopyright = "";
				LD_RUNPATH_SEARCH_PATHS = (
					"$(inherited)",
					"@executable_path/Frameworks",
					"@executable_path/../../Frameworks",
				);
				MARKETING_VERSION = 1.0;
				PRODUCT_BUNDLE_IDENTIFIER = Jay.LoLWidget.LoLWidgetExtension;
				PRODUCT_NAME = "$(TARGET_NAME)";
				SKIP_INSTALL = YES;
				SWIFT_EMIT_LOC_STRINGS = YES;
				SWIFT_VERSION = 5.0;
				TARGETED_DEVICE_FAMILY = "1,2";
			};
			name = Release;
		};
		69E650DB27A587AC0069AF55 /* Debug */ = {
			isa = XCBuildConfiguration;
			baseConfigurationReference = 4861852A27ABF756006CAFB6 /* Shared.xcconfig */;
			buildSettings = {
				ALWAYS_SEARCH_USER_PATHS = NO;
				CLANG_ANALYZER_NONNULL = YES;
				CLANG_ANALYZER_NUMBER_OBJECT_CONVERSION = YES_AGGRESSIVE;
				CLANG_CXX_LANGUAGE_STANDARD = "gnu++17";
				CLANG_CXX_LIBRARY = "libc++";
				CLANG_ENABLE_MODULES = YES;
				CLANG_ENABLE_OBJC_ARC = YES;
				CLANG_ENABLE_OBJC_WEAK = YES;
				CLANG_WARN_BLOCK_CAPTURE_AUTORELEASING = YES;
				CLANG_WARN_BOOL_CONVERSION = YES;
				CLANG_WARN_COMMA = YES;
				CLANG_WARN_CONSTANT_CONVERSION = YES;
				CLANG_WARN_DEPRECATED_OBJC_IMPLEMENTATIONS = YES;
				CLANG_WARN_DIRECT_OBJC_ISA_USAGE = YES_ERROR;
				CLANG_WARN_DOCUMENTATION_COMMENTS = YES;
				CLANG_WARN_EMPTY_BODY = YES;
				CLANG_WARN_ENUM_CONVERSION = YES;
				CLANG_WARN_INFINITE_RECURSION = YES;
				CLANG_WARN_INT_CONVERSION = YES;
				CLANG_WARN_NON_LITERAL_NULL_CONVERSION = YES;
				CLANG_WARN_OBJC_IMPLICIT_RETAIN_SELF = YES;
				CLANG_WARN_OBJC_LITERAL_CONVERSION = YES;
				CLANG_WARN_OBJC_ROOT_CLASS = YES_ERROR;
				CLANG_WARN_QUOTED_INCLUDE_IN_FRAMEWORK_HEADER = YES;
				CLANG_WARN_RANGE_LOOP_ANALYSIS = YES;
				CLANG_WARN_STRICT_PROTOTYPES = YES;
				CLANG_WARN_SUSPICIOUS_MOVE = YES;
				CLANG_WARN_UNGUARDED_AVAILABILITY = YES_AGGRESSIVE;
				CLANG_WARN_UNREACHABLE_CODE = YES;
				CLANG_WARN__DUPLICATE_METHOD_MATCH = YES;
				COPY_PHASE_STRIP = NO;
				DEBUG_INFORMATION_FORMAT = dwarf;
				ENABLE_STRICT_OBJC_MSGSEND = YES;
				ENABLE_TESTABILITY = YES;
				GCC_C_LANGUAGE_STANDARD = gnu11;
				GCC_DYNAMIC_NO_PIC = NO;
				GCC_NO_COMMON_BLOCKS = YES;
				GCC_OPTIMIZATION_LEVEL = 0;
				GCC_PREPROCESSOR_DEFINITIONS = (
					"DEBUG=1",
					"$(inherited)",
				);
				GCC_WARN_64_TO_32_BIT_CONVERSION = YES;
				GCC_WARN_ABOUT_RETURN_TYPE = YES_ERROR;
				GCC_WARN_UNDECLARED_SELECTOR = YES;
				GCC_WARN_UNINITIALIZED_AUTOS = YES_AGGRESSIVE;
				GCC_WARN_UNUSED_FUNCTION = YES;
				GCC_WARN_UNUSED_VARIABLE = YES;
				IPHONEOS_DEPLOYMENT_TARGET = 15.2;
				MTL_ENABLE_DEBUG_INFO = INCLUDE_SOURCE;
				MTL_FAST_MATH = YES;
				ONLY_ACTIVE_ARCH = YES;
				SDKROOT = iphoneos;
				SWIFT_ACTIVE_COMPILATION_CONDITIONS = DEBUG;
				SWIFT_OPTIMIZATION_LEVEL = "-Onone";
			};
			name = Debug;
		};
		69E650DC27A587AC0069AF55 /* Release */ = {
			isa = XCBuildConfiguration;
			baseConfigurationReference = 4861852A27ABF756006CAFB6 /* Shared.xcconfig */;
			buildSettings = {
				ALWAYS_SEARCH_USER_PATHS = NO;
				CLANG_ANALYZER_NONNULL = YES;
				CLANG_ANALYZER_NUMBER_OBJECT_CONVERSION = YES_AGGRESSIVE;
				CLANG_CXX_LANGUAGE_STANDARD = "gnu++17";
				CLANG_CXX_LIBRARY = "libc++";
				CLANG_ENABLE_MODULES = YES;
				CLANG_ENABLE_OBJC_ARC = YES;
				CLANG_ENABLE_OBJC_WEAK = YES;
				CLANG_WARN_BLOCK_CAPTURE_AUTORELEASING = YES;
				CLANG_WARN_BOOL_CONVERSION = YES;
				CLANG_WARN_COMMA = YES;
				CLANG_WARN_CONSTANT_CONVERSION = YES;
				CLANG_WARN_DEPRECATED_OBJC_IMPLEMENTATIONS = YES;
				CLANG_WARN_DIRECT_OBJC_ISA_USAGE = YES_ERROR;
				CLANG_WARN_DOCUMENTATION_COMMENTS = YES;
				CLANG_WARN_EMPTY_BODY = YES;
				CLANG_WARN_ENUM_CONVERSION = YES;
				CLANG_WARN_INFINITE_RECURSION = YES;
				CLANG_WARN_INT_CONVERSION = YES;
				CLANG_WARN_NON_LITERAL_NULL_CONVERSION = YES;
				CLANG_WARN_OBJC_IMPLICIT_RETAIN_SELF = YES;
				CLANG_WARN_OBJC_LITERAL_CONVERSION = YES;
				CLANG_WARN_OBJC_ROOT_CLASS = YES_ERROR;
				CLANG_WARN_QUOTED_INCLUDE_IN_FRAMEWORK_HEADER = YES;
				CLANG_WARN_RANGE_LOOP_ANALYSIS = YES;
				CLANG_WARN_STRICT_PROTOTYPES = YES;
				CLANG_WARN_SUSPICIOUS_MOVE = YES;
				CLANG_WARN_UNGUARDED_AVAILABILITY = YES_AGGRESSIVE;
				CLANG_WARN_UNREACHABLE_CODE = YES;
				CLANG_WARN__DUPLICATE_METHOD_MATCH = YES;
				COPY_PHASE_STRIP = NO;
				DEBUG_INFORMATION_FORMAT = "dwarf-with-dsym";
				ENABLE_NS_ASSERTIONS = NO;
				ENABLE_STRICT_OBJC_MSGSEND = YES;
				GCC_C_LANGUAGE_STANDARD = gnu11;
				GCC_NO_COMMON_BLOCKS = YES;
				GCC_WARN_64_TO_32_BIT_CONVERSION = YES;
				GCC_WARN_ABOUT_RETURN_TYPE = YES_ERROR;
				GCC_WARN_UNDECLARED_SELECTOR = YES;
				GCC_WARN_UNINITIALIZED_AUTOS = YES_AGGRESSIVE;
				GCC_WARN_UNUSED_FUNCTION = YES;
				GCC_WARN_UNUSED_VARIABLE = YES;
				IPHONEOS_DEPLOYMENT_TARGET = 15.2;
				MTL_ENABLE_DEBUG_INFO = NO;
				MTL_FAST_MATH = YES;
				SDKROOT = iphoneos;
				SWIFT_COMPILATION_MODE = wholemodule;
				SWIFT_OPTIMIZATION_LEVEL = "-O";
				VALIDATE_PRODUCT = YES;
			};
			name = Release;
		};
		69E650DE27A587AC0069AF55 /* Debug */ = {
			isa = XCBuildConfiguration;
			buildSettings = {
				ALWAYS_EMBED_SWIFT_STANDARD_LIBRARIES = YES;
				ASSETCATALOG_COMPILER_APPICON_NAME = AppIcon;
				ASSETCATALOG_COMPILER_GLOBAL_ACCENT_COLOR_NAME = AccentColor;
				CODE_SIGN_STYLE = Automatic;
				CURRENT_PROJECT_VERSION = 1;
				DEVELOPMENT_ASSET_PATHS = "\"LoLWidget/Preview Content\"";
				DEVELOPMENT_TEAM = 78X32W2D44;
				ENABLE_PREVIEWS = YES;
				GENERATE_INFOPLIST_FILE = YES;
				INFOPLIST_FILE = LoLWidget/Info.plist;
				INFOPLIST_KEY_UIApplicationSceneManifest_Generation = YES;
				INFOPLIST_KEY_UIApplicationSupportsIndirectInputEvents = YES;
				INFOPLIST_KEY_UILaunchScreen_Generation = YES;
				INFOPLIST_KEY_UISupportedInterfaceOrientations_iPad = "UIInterfaceOrientationPortrait UIInterfaceOrientationPortraitUpsideDown UIInterfaceOrientationLandscapeLeft UIInterfaceOrientationLandscapeRight";
				INFOPLIST_KEY_UISupportedInterfaceOrientations_iPhone = "UIInterfaceOrientationPortrait UIInterfaceOrientationLandscapeLeft UIInterfaceOrientationLandscapeRight";
				LD_RUNPATH_SEARCH_PATHS = (
					"$(inherited)",
					"@executable_path/Frameworks",
				);
				MARKETING_VERSION = 1.0;
				PRODUCT_BUNDLE_IDENTIFIER = Jay.LoLWidget;
				PRODUCT_NAME = "$(TARGET_NAME)";
				SWIFT_EMIT_LOC_STRINGS = YES;
				SWIFT_VERSION = 5.0;
				TARGETED_DEVICE_FAMILY = "1,2";
			};
			name = Debug;
		};
		69E650DF27A587AC0069AF55 /* Release */ = {
			isa = XCBuildConfiguration;
			buildSettings = {
				ALWAYS_EMBED_SWIFT_STANDARD_LIBRARIES = YES;
				ASSETCATALOG_COMPILER_APPICON_NAME = AppIcon;
				ASSETCATALOG_COMPILER_GLOBAL_ACCENT_COLOR_NAME = AccentColor;
				CODE_SIGN_STYLE = Automatic;
				CURRENT_PROJECT_VERSION = 1;
				DEVELOPMENT_ASSET_PATHS = "\"LoLWidget/Preview Content\"";
				DEVELOPMENT_TEAM = 78X32W2D44;
				ENABLE_PREVIEWS = YES;
				GENERATE_INFOPLIST_FILE = YES;
				INFOPLIST_FILE = LoLWidget/Info.plist;
				INFOPLIST_KEY_UIApplicationSceneManifest_Generation = YES;
				INFOPLIST_KEY_UIApplicationSupportsIndirectInputEvents = YES;
				INFOPLIST_KEY_UILaunchScreen_Generation = YES;
				INFOPLIST_KEY_UISupportedInterfaceOrientations_iPad = "UIInterfaceOrientationPortrait UIInterfaceOrientationPortraitUpsideDown UIInterfaceOrientationLandscapeLeft UIInterfaceOrientationLandscapeRight";
				INFOPLIST_KEY_UISupportedInterfaceOrientations_iPhone = "UIInterfaceOrientationPortrait UIInterfaceOrientationLandscapeLeft UIInterfaceOrientationLandscapeRight";
				LD_RUNPATH_SEARCH_PATHS = (
					"$(inherited)",
					"@executable_path/Frameworks",
				);
				MARKETING_VERSION = 1.0;
				PRODUCT_BUNDLE_IDENTIFIER = Jay.LoLWidget;
				PRODUCT_NAME = "$(TARGET_NAME)";
				SWIFT_EMIT_LOC_STRINGS = YES;
				SWIFT_VERSION = 5.0;
				TARGETED_DEVICE_FAMILY = "1,2";
			};
			name = Release;
		};
/* End XCBuildConfiguration section */

/* Begin XCConfigurationList section */
		483F10BD27BC4E6E00AF4734 /* Build configuration list for PBXNativeTarget "LoLWidgetExtensionExtension" */ = {
			isa = XCConfigurationList;
			buildConfigurations = (
				483F10BE27BC4E6E00AF4734 /* Debug */,
				483F10BF27BC4E6E00AF4734 /* Release */,
			);
			defaultConfigurationIsVisible = 0;
			defaultConfigurationName = Release;
		};
		69E650B427A587AA0069AF55 /* Build configuration list for PBXProject "LoLWidget" */ = {
			isa = XCConfigurationList;
			buildConfigurations = (
				69E650DB27A587AC0069AF55 /* Debug */,
				69E650DC27A587AC0069AF55 /* Release */,
			);
			defaultConfigurationIsVisible = 0;
			defaultConfigurationName = Release;
		};
		69E650DD27A587AC0069AF55 /* Build configuration list for PBXNativeTarget "LoLWidget" */ = {
			isa = XCConfigurationList;
			buildConfigurations = (
				69E650DE27A587AC0069AF55 /* Debug */,
				69E650DF27A587AC0069AF55 /* Release */,
			);
			defaultConfigurationIsVisible = 0;
			defaultConfigurationName = Release;
		};
/* End XCConfigurationList section */

/* Begin XCRemoteSwiftPackageReference section */
		48BB030B27A5B0830067EB15 /* XCRemoteSwiftPackageReference "Moya" */ = {
			isa = XCRemoteSwiftPackageReference;
			repositoryURL = "https://github.com/Moya/Moya";
			requirement = {
				kind = upToNextMajorVersion;
				minimumVersion = 15.0.0;
			};
		};
		48C8B88827A5AE72009E906E /* XCRemoteSwiftPackageReference "Alamofire" */ = {
			isa = XCRemoteSwiftPackageReference;
			repositoryURL = "https://github.com/Alamofire/Alamofire";
			requirement = {
				kind = upToNextMajorVersion;
				minimumVersion = 5.0.0;
			};
		};
/* End XCRemoteSwiftPackageReference section */

/* Begin XCSwiftPackageProductDependency section */
		4882BA7427BC57B000BD626E /* Alamofire */ = {
			isa = XCSwiftPackageProductDependency;
			package = 48C8B88827A5AE72009E906E /* XCRemoteSwiftPackageReference "Alamofire" */;
			productName = Alamofire;
		};
		4882BA7627BC57B000BD626E /* Moya */ = {
			isa = XCSwiftPackageProductDependency;
			package = 48BB030B27A5B0830067EB15 /* XCRemoteSwiftPackageReference "Moya" */;
			productName = Moya;
		};
		48BB030C27A5B0830067EB15 /* Moya */ = {
			isa = XCSwiftPackageProductDependency;
			package = 48BB030B27A5B0830067EB15 /* XCRemoteSwiftPackageReference "Moya" */;
			productName = Moya;
		};
		48C8B88927A5AE72009E906E /* Alamofire */ = {
			isa = XCSwiftPackageProductDependency;
			package = 48C8B88827A5AE72009E906E /* XCRemoteSwiftPackageReference "Alamofire" */;
			productName = Alamofire;
		};
/* End XCSwiftPackageProductDependency section */
	};
	rootObject = 69E650B127A587AA0069AF55 /* Project object */;
}
