// !$*UTF8*$!
{
	archiveVersion = 1;
	classes = {
	};
	objectVersion = 55;
	objects = {

/* Begin PBXBuildFile section */
		48BB030D27A5B0830067EB15 /* Moya in Frameworks */ = {isa = PBXBuildFile; productRef = 48BB030C27A5B0830067EB15 /* Moya */; };
		48BB030F27A5BE2E0067EB15 /* RiotQuery.swift in Sources */ = {isa = PBXBuildFile; fileRef = 48BB030E27A5BE2E0067EB15 /* RiotQuery.swift */; };
		48BB031127A5BFD30067EB15 /* RiotServiceTests.swift in Sources */ = {isa = PBXBuildFile; fileRef = 48BB031027A5BFD30067EB15 /* RiotServiceTests.swift */; };
		48C8B87F27A59BD7009E906E /* RiotService.swift in Sources */ = {isa = PBXBuildFile; fileRef = 48C8B87E27A59BD7009E906E /* RiotService.swift */; };
		48C8B88127A5A00F009E906E /* SummonerDTO.swift in Sources */ = {isa = PBXBuildFile; fileRef = 48C8B88027A5A00F009E906E /* SummonerDTO.swift */; };
		48C8B88327A5A076009E906E /* LeagueEntryDTO.swift in Sources */ = {isa = PBXBuildFile; fileRef = 48C8B88227A5A076009E906E /* LeagueEntryDTO.swift */; };
		48C8B88627A5A4BC009E906E /* Constraints.swift in Sources */ = {isa = PBXBuildFile; fileRef = 48C8B88527A5A4BC009E906E /* Constraints.swift */; };
		48C8B88A27A5AE72009E906E /* Alamofire in Frameworks */ = {isa = PBXBuildFile; productRef = 48C8B88927A5AE72009E906E /* Alamofire */; };
		69E650BD27A587AA0069AF55 /* LoLWidgetApp.swift in Sources */ = {isa = PBXBuildFile; fileRef = 69E650BC27A587AA0069AF55 /* LoLWidgetApp.swift */; };
		69E650BF27A587AA0069AF55 /* ContentView.swift in Sources */ = {isa = PBXBuildFile; fileRef = 69E650BE27A587AA0069AF55 /* ContentView.swift */; };
		69E650C127A587AC0069AF55 /* Assets.xcassets in Resources */ = {isa = PBXBuildFile; fileRef = 69E650C027A587AC0069AF55 /* Assets.xcassets */; };
		69E650C427A587AC0069AF55 /* Preview Assets.xcassets in Resources */ = {isa = PBXBuildFile; fileRef = 69E650C327A587AC0069AF55 /* Preview Assets.xcassets */; };
		69E650CE27A587AC0069AF55 /* LoLWidgetTests.swift in Sources */ = {isa = PBXBuildFile; fileRef = 69E650CD27A587AC0069AF55 /* LoLWidgetTests.swift */; };
		69E650D827A587AC0069AF55 /* LoLWidgetUITests.swift in Sources */ = {isa = PBXBuildFile; fileRef = 69E650D727A587AC0069AF55 /* LoLWidgetUITests.swift */; };
		69E650DA27A587AC0069AF55 /* LoLWidgetUITestsLaunchTests.swift in Sources */ = {isa = PBXBuildFile; fileRef = 69E650D927A587AC0069AF55 /* LoLWidgetUITestsLaunchTests.swift */; };
		69E650ED27A588000069AF55 /* WidgetKit.framework in Frameworks */ = {isa = PBXBuildFile; fileRef = 69E650EC27A588000069AF55 /* WidgetKit.framework */; };
		69E650EF27A588000069AF55 /* SwiftUI.framework in Frameworks */ = {isa = PBXBuildFile; fileRef = 69E650EE27A588000069AF55 /* SwiftUI.framework */; };
		69E650F227A588000069AF55 /* LoLWidgetExtension.swift in Sources */ = {isa = PBXBuildFile; fileRef = 69E650F127A588000069AF55 /* LoLWidgetExtension.swift */; };
		69E650F527A588010069AF55 /* Assets.xcassets in Resources */ = {isa = PBXBuildFile; fileRef = 69E650F427A588010069AF55 /* Assets.xcassets */; };
		69E650F727A588010069AF55 /* LoLWidgetExtension.intentdefinition in Sources */ = {isa = PBXBuildFile; fileRef = 69E650F327A588000069AF55 /* LoLWidgetExtension.intentdefinition */; };
		69E650F827A588010069AF55 /* LoLWidgetExtension.intentdefinition in Sources */ = {isa = PBXBuildFile; fileRef = 69E650F327A588000069AF55 /* LoLWidgetExtension.intentdefinition */; };
		69E650FB27A588010069AF55 /* LoLWidgetExtensionExtension.appex in Embed App Extensions */ = {isa = PBXBuildFile; fileRef = 69E650EA27A588000069AF55 /* LoLWidgetExtensionExtension.appex */; settings = {ATTRIBUTES = (RemoveHeadersOnCopy, ); }; };
/* End PBXBuildFile section */

/* Begin PBXContainerItemProxy section */
		69E650CA27A587AC0069AF55 /* PBXContainerItemProxy */ = {
			isa = PBXContainerItemProxy;
			containerPortal = 69E650B127A587AA0069AF55 /* Project object */;
			proxyType = 1;
			remoteGlobalIDString = 69E650B827A587AA0069AF55;
			remoteInfo = LoLWidget;
		};
		69E650D427A587AC0069AF55 /* PBXContainerItemProxy */ = {
			isa = PBXContainerItemProxy;
			containerPortal = 69E650B127A587AA0069AF55 /* Project object */;
			proxyType = 1;
			remoteGlobalIDString = 69E650B827A587AA0069AF55;
			remoteInfo = LoLWidget;
		};
		69E650F927A588010069AF55 /* PBXContainerItemProxy */ = {
			isa = PBXContainerItemProxy;
			containerPortal = 69E650B127A587AA0069AF55 /* Project object */;
			proxyType = 1;
			remoteGlobalIDString = 69E650E927A588000069AF55;
			remoteInfo = LoLWidgetExtensionExtension;
		};
/* End PBXContainerItemProxy section */

/* Begin PBXCopyFilesBuildPhase section */
		69E650FF27A588010069AF55 /* Embed App Extensions */ = {
			isa = PBXCopyFilesBuildPhase;
			buildActionMask = 2147483647;
			dstPath = "";
			dstSubfolderSpec = 13;
			files = (
				69E650FB27A588010069AF55 /* LoLWidgetExtensionExtension.appex in Embed App Extensions */,
			);
			name = "Embed App Extensions";
			runOnlyForDeploymentPostprocessing = 0;
		};
/* End PBXCopyFilesBuildPhase section */

/* Begin PBXFileReference section */
		4814DB0B27A591EA00A376CA /* Info.plist */ = {isa = PBXFileReference; lastKnownFileType = text.plist; path = Info.plist; sourceTree = "<group>"; };
		48BB030E27A5BE2E0067EB15 /* RiotQuery.swift */ = {isa = PBXFileReference; lastKnownFileType = sourcecode.swift; path = RiotQuery.swift; sourceTree = "<group>"; };
		48BB031027A5BFD30067EB15 /* RiotServiceTests.swift */ = {isa = PBXFileReference; lastKnownFileType = sourcecode.swift; path = RiotServiceTests.swift; sourceTree = "<group>"; };
		48C8B87E27A59BD7009E906E /* RiotService.swift */ = {isa = PBXFileReference; lastKnownFileType = sourcecode.swift; path = RiotService.swift; sourceTree = "<group>"; };
		48C8B88027A5A00F009E906E /* SummonerDTO.swift */ = {isa = PBXFileReference; lastKnownFileType = sourcecode.swift; path = SummonerDTO.swift; sourceTree = "<group>"; };
		48C8B88227A5A076009E906E /* LeagueEntryDTO.swift */ = {isa = PBXFileReference; lastKnownFileType = sourcecode.swift; path = LeagueEntryDTO.swift; sourceTree = "<group>"; };
		48C8B88527A5A4BC009E906E /* Constraints.swift */ = {isa = PBXFileReference; lastKnownFileType = sourcecode.swift; path = Constraints.swift; sourceTree = "<group>"; };
		48C8B88727A5AA52009E906E /* Shared.xcconfig */ = {isa = PBXFileReference; lastKnownFileType = text.xcconfig; path = Shared.xcconfig; sourceTree = "<group>"; };
		69E650B927A587AA0069AF55 /* LoLWidget.app */ = {isa = PBXFileReference; explicitFileType = wrapper.application; includeInIndex = 0; path = LoLWidget.app; sourceTree = BUILT_PRODUCTS_DIR; };
		69E650BC27A587AA0069AF55 /* LoLWidgetApp.swift */ = {isa = PBXFileReference; lastKnownFileType = sourcecode.swift; path = LoLWidgetApp.swift; sourceTree = "<group>"; };
		69E650BE27A587AA0069AF55 /* ContentView.swift */ = {isa = PBXFileReference; lastKnownFileType = sourcecode.swift; path = ContentView.swift; sourceTree = "<group>"; };
		69E650C027A587AC0069AF55 /* Assets.xcassets */ = {isa = PBXFileReference; lastKnownFileType = folder.assetcatalog; path = Assets.xcassets; sourceTree = "<group>"; };
		69E650C327A587AC0069AF55 /* Preview Assets.xcassets */ = {isa = PBXFileReference; lastKnownFileType = folder.assetcatalog; path = "Preview Assets.xcassets"; sourceTree = "<group>"; };
		69E650C927A587AC0069AF55 /* LoLWidgetTests.xctest */ = {isa = PBXFileReference; explicitFileType = wrapper.cfbundle; includeInIndex = 0; path = LoLWidgetTests.xctest; sourceTree = BUILT_PRODUCTS_DIR; };
		69E650CD27A587AC0069AF55 /* LoLWidgetTests.swift */ = {isa = PBXFileReference; lastKnownFileType = sourcecode.swift; path = LoLWidgetTests.swift; sourceTree = "<group>"; };
		69E650D327A587AC0069AF55 /* LoLWidgetUITests.xctest */ = {isa = PBXFileReference; explicitFileType = wrapper.cfbundle; includeInIndex = 0; path = LoLWidgetUITests.xctest; sourceTree = BUILT_PRODUCTS_DIR; };
		69E650D727A587AC0069AF55 /* LoLWidgetUITests.swift */ = {isa = PBXFileReference; lastKnownFileType = sourcecode.swift; path = LoLWidgetUITests.swift; sourceTree = "<group>"; };
		69E650D927A587AC0069AF55 /* LoLWidgetUITestsLaunchTests.swift */ = {isa = PBXFileReference; lastKnownFileType = sourcecode.swift; path = LoLWidgetUITestsLaunchTests.swift; sourceTree = "<group>"; };
		69E650EA27A588000069AF55 /* LoLWidgetExtensionExtension.appex */ = {isa = PBXFileReference; explicitFileType = "wrapper.app-extension"; includeInIndex = 0; path = LoLWidgetExtensionExtension.appex; sourceTree = BUILT_PRODUCTS_DIR; };
		69E650EC27A588000069AF55 /* WidgetKit.framework */ = {isa = PBXFileReference; lastKnownFileType = wrapper.framework; name = WidgetKit.framework; path = System/Library/Frameworks/WidgetKit.framework; sourceTree = SDKROOT; };
		69E650EE27A588000069AF55 /* SwiftUI.framework */ = {isa = PBXFileReference; lastKnownFileType = wrapper.framework; name = SwiftUI.framework; path = System/Library/Frameworks/SwiftUI.framework; sourceTree = SDKROOT; };
		69E650F127A588000069AF55 /* LoLWidgetExtension.swift */ = {isa = PBXFileReference; lastKnownFileType = sourcecode.swift; path = LoLWidgetExtension.swift; sourceTree = "<group>"; };
		69E650F327A588000069AF55 /* LoLWidgetExtension.intentdefinition */ = {isa = PBXFileReference; lastKnownFileType = file.intentdefinition; path = LoLWidgetExtension.intentdefinition; sourceTree = "<group>"; };
		69E650F427A588010069AF55 /* Assets.xcassets */ = {isa = PBXFileReference; lastKnownFileType = folder.assetcatalog; path = Assets.xcassets; sourceTree = "<group>"; };
		69E650F627A588010069AF55 /* Info.plist */ = {isa = PBXFileReference; lastKnownFileType = text.plist.xml; path = Info.plist; sourceTree = "<group>"; };
/* End PBXFileReference section */

/* Begin PBXFrameworksBuildPhase section */
		69E650B627A587AA0069AF55 /* Frameworks */ = {
			isa = PBXFrameworksBuildPhase;
			buildActionMask = 2147483647;
			files = (
				48BB030D27A5B0830067EB15 /* Moya in Frameworks */,
				48C8B88A27A5AE72009E906E /* Alamofire in Frameworks */,
			);
			runOnlyForDeploymentPostprocessing = 0;
		};
		69E650C627A587AC0069AF55 /* Frameworks */ = {
			isa = PBXFrameworksBuildPhase;
			buildActionMask = 2147483647;
			files = (
			);
			runOnlyForDeploymentPostprocessing = 0;
		};
		69E650D027A587AC0069AF55 /* Frameworks */ = {
			isa = PBXFrameworksBuildPhase;
			buildActionMask = 2147483647;
			files = (
			);
			runOnlyForDeploymentPostprocessing = 0;
		};
		69E650E727A588000069AF55 /* Frameworks */ = {
			isa = PBXFrameworksBuildPhase;
			buildActionMask = 2147483647;
			files = (
				69E650EF27A588000069AF55 /* SwiftUI.framework in Frameworks */,
				69E650ED27A588000069AF55 /* WidgetKit.framework in Frameworks */,
			);
			runOnlyForDeploymentPostprocessing = 0;
		};
/* End PBXFrameworksBuildPhase section */

/* Begin PBXGroup section */
		69E650B027A587AA0069AF55 = {
			isa = PBXGroup;
			children = (
				69E650BB27A587AA0069AF55 /* LoLWidget */,
				69E650CC27A587AC0069AF55 /* LoLWidgetTests */,
				69E650D627A587AC0069AF55 /* LoLWidgetUITests */,
				69E650F027A588000069AF55 /* LoLWidgetExtension */,
				69E650EB27A588000069AF55 /* Frameworks */,
				69E650BA27A587AA0069AF55 /* Products */,
			);
			sourceTree = "<group>";
		};
		69E650BA27A587AA0069AF55 /* Products */ = {
			isa = PBXGroup;
			children = (
				69E650B927A587AA0069AF55 /* LoLWidget.app */,
				69E650C927A587AC0069AF55 /* LoLWidgetTests.xctest */,
				69E650D327A587AC0069AF55 /* LoLWidgetUITests.xctest */,
				69E650EA27A588000069AF55 /* LoLWidgetExtensionExtension.appex */,
			);
			name = Products;
			sourceTree = "<group>";
		};
		69E650BB27A587AA0069AF55 /* LoLWidget */ = {
			isa = PBXGroup;
			children = (
				4814DB0B27A591EA00A376CA /* Info.plist */,
				48C8B88727A5AA52009E906E /* Shared.xcconfig */,
				69E650BC27A587AA0069AF55 /* LoLWidgetApp.swift */,
				69E650BE27A587AA0069AF55 /* ContentView.swift */,
				48C8B87E27A59BD7009E906E /* RiotService.swift */,
				48BB030E27A5BE2E0067EB15 /* RiotQuery.swift */,
				48C8B88027A5A00F009E906E /* SummonerDTO.swift */,
				48C8B88527A5A4BC009E906E /* Constraints.swift */,
				48C8B88227A5A076009E906E /* LeagueEntryDTO.swift */,
				69E650C027A587AC0069AF55 /* Assets.xcassets */,
				69E650C227A587AC0069AF55 /* Preview Content */,
			);
			path = LoLWidget;
			sourceTree = "<group>";
		};
		69E650C227A587AC0069AF55 /* Preview Content */ = {
			isa = PBXGroup;
			children = (
				69E650C327A587AC0069AF55 /* Preview Assets.xcassets */,
			);
			path = "Preview Content";
			sourceTree = "<group>";
		};
		69E650CC27A587AC0069AF55 /* LoLWidgetTests */ = {
			isa = PBXGroup;
			children = (
				69E650CD27A587AC0069AF55 /* LoLWidgetTests.swift */,
				48BB031027A5BFD30067EB15 /* RiotServiceTests.swift */,
			);
			path = LoLWidgetTests;
			sourceTree = "<group>";
		};
		69E650D627A587AC0069AF55 /* LoLWidgetUITests */ = {
			isa = PBXGroup;
			children = (
				69E650D727A587AC0069AF55 /* LoLWidgetUITests.swift */,
				69E650D927A587AC0069AF55 /* LoLWidgetUITestsLaunchTests.swift */,
			);
			path = LoLWidgetUITests;
			sourceTree = "<group>";
		};
		69E650EB27A588000069AF55 /* Frameworks */ = {
			isa = PBXGroup;
			children = (
				69E650EC27A588000069AF55 /* WidgetKit.framework */,
				69E650EE27A588000069AF55 /* SwiftUI.framework */,
			);
			name = Frameworks;
			sourceTree = "<group>";
		};
		69E650F027A588000069AF55 /* LoLWidgetExtension */ = {
			isa = PBXGroup;
			children = (
				69E650F127A588000069AF55 /* LoLWidgetExtension.swift */,
				69E650F327A588000069AF55 /* LoLWidgetExtension.intentdefinition */,
				69E650F427A588010069AF55 /* Assets.xcassets */,
				69E650F627A588010069AF55 /* Info.plist */,
			);
			path = LoLWidgetExtension;
			sourceTree = "<group>";
		};
/* End PBXGroup section */

/* Begin PBXNativeTarget section */
		69E650B827A587AA0069AF55 /* LoLWidget */ = {
			isa = PBXNativeTarget;
			buildConfigurationList = 69E650DD27A587AC0069AF55 /* Build configuration list for PBXNativeTarget "LoLWidget" */;
			buildPhases = (
				69E650B527A587AA0069AF55 /* Sources */,
				69E650B627A587AA0069AF55 /* Frameworks */,
				69E650B727A587AA0069AF55 /* Resources */,
				69E650FF27A588010069AF55 /* Embed App Extensions */,
			);
			buildRules = (
			);
			dependencies = (
				69E650FA27A588010069AF55 /* PBXTargetDependency */,
			);
			name = LoLWidget;
			packageProductDependencies = (
				48C8B88927A5AE72009E906E /* Alamofire */,
				48BB030C27A5B0830067EB15 /* Moya */,
			);
			productName = LoLWidget;
			productReference = 69E650B927A587AA0069AF55 /* LoLWidget.app */;
			productType = "com.apple.product-type.application";
		};
		69E650C827A587AC0069AF55 /* LoLWidgetTests */ = {
			isa = PBXNativeTarget;
			buildConfigurationList = 69E650E027A587AC0069AF55 /* Build configuration list for PBXNativeTarget "LoLWidgetTests" */;
			buildPhases = (
				69E650C527A587AC0069AF55 /* Sources */,
				69E650C627A587AC0069AF55 /* Frameworks */,
				69E650C727A587AC0069AF55 /* Resources */,
			);
			buildRules = (
			);
			dependencies = (
				69E650CB27A587AC0069AF55 /* PBXTargetDependency */,
			);
			name = LoLWidgetTests;
			productName = LoLWidgetTests;
			productReference = 69E650C927A587AC0069AF55 /* LoLWidgetTests.xctest */;
			productType = "com.apple.product-type.bundle.unit-test";
		};
		69E650D227A587AC0069AF55 /* LoLWidgetUITests */ = {
			isa = PBXNativeTarget;
			buildConfigurationList = 69E650E327A587AC0069AF55 /* Build configuration list for PBXNativeTarget "LoLWidgetUITests" */;
			buildPhases = (
				69E650CF27A587AC0069AF55 /* Sources */,
				69E650D027A587AC0069AF55 /* Frameworks */,
				69E650D127A587AC0069AF55 /* Resources */,
			);
			buildRules = (
			);
			dependencies = (
				69E650D527A587AC0069AF55 /* PBXTargetDependency */,
			);
			name = LoLWidgetUITests;
			productName = LoLWidgetUITests;
			productReference = 69E650D327A587AC0069AF55 /* LoLWidgetUITests.xctest */;
			productType = "com.apple.product-type.bundle.ui-testing";
		};
		69E650E927A588000069AF55 /* LoLWidgetExtensionExtension */ = {
			isa = PBXNativeTarget;
			buildConfigurationList = 69E650FC27A588010069AF55 /* Build configuration list for PBXNativeTarget "LoLWidgetExtensionExtension" */;
			buildPhases = (
				69E650E627A588000069AF55 /* Sources */,
				69E650E727A588000069AF55 /* Frameworks */,
				69E650E827A588000069AF55 /* Resources */,
			);
			buildRules = (
			);
			dependencies = (
			);
			name = LoLWidgetExtensionExtension;
			productName = LoLWidgetExtensionExtension;
			productReference = 69E650EA27A588000069AF55 /* LoLWidgetExtensionExtension.appex */;
			productType = "com.apple.product-type.app-extension";
		};
/* End PBXNativeTarget section */

/* Begin PBXProject section */
		69E650B127A587AA0069AF55 /* Project object */ = {
			isa = PBXProject;
			attributes = {
				BuildIndependentTargetsInParallel = 1;
				LastSwiftUpdateCheck = 1320;
				LastUpgradeCheck = 1320;
				TargetAttributes = {
					69E650B827A587AA0069AF55 = {
						CreatedOnToolsVersion = 13.2.1;
					};
					69E650C827A587AC0069AF55 = {
						CreatedOnToolsVersion = 13.2.1;
						TestTargetID = 69E650B827A587AA0069AF55;
					};
					69E650D227A587AC0069AF55 = {
						CreatedOnToolsVersion = 13.2.1;
						TestTargetID = 69E650B827A587AA0069AF55;
					};
					69E650E927A588000069AF55 = {
						CreatedOnToolsVersion = 13.2.1;
					};
				};
			};
			buildConfigurationList = 69E650B427A587AA0069AF55 /* Build configuration list for PBXProject "LoLWidget" */;
			compatibilityVersion = "Xcode 13.0";
			developmentRegion = en;
			hasScannedForEncodings = 0;
			knownRegions = (
				en,
				Base,
			);
			mainGroup = 69E650B027A587AA0069AF55;
			packageReferences = (
				48C8B88827A5AE72009E906E /* XCRemoteSwiftPackageReference "Alamofire" */,
				48BB030B27A5B0830067EB15 /* XCRemoteSwiftPackageReference "Moya" */,
			);
			productRefGroup = 69E650BA27A587AA0069AF55 /* Products */;
			projectDirPath = "";
			projectRoot = "";
			targets = (
				69E650B827A587AA0069AF55 /* LoLWidget */,
				69E650C827A587AC0069AF55 /* LoLWidgetTests */,
				69E650D227A587AC0069AF55 /* LoLWidgetUITests */,
				69E650E927A588000069AF55 /* LoLWidgetExtensionExtension */,
			);
		};
/* End PBXProject section */

/* Begin PBXResourcesBuildPhase section */
		69E650B727A587AA0069AF55 /* Resources */ = {
			isa = PBXResourcesBuildPhase;
			buildActionMask = 2147483647;
			files = (
				69E650C427A587AC0069AF55 /* Preview Assets.xcassets in Resources */,
				69E650C127A587AC0069AF55 /* Assets.xcassets in Resources */,
			);
			runOnlyForDeploymentPostprocessing = 0;
		};
		69E650C727A587AC0069AF55 /* Resources */ = {
			isa = PBXResourcesBuildPhase;
			buildActionMask = 2147483647;
			files = (
			);
			runOnlyForDeploymentPostprocessing = 0;
		};
		69E650D127A587AC0069AF55 /* Resources */ = {
			isa = PBXResourcesBuildPhase;
			buildActionMask = 2147483647;
			files = (
			);
			runOnlyForDeploymentPostprocessing = 0;
		};
		69E650E827A588000069AF55 /* Resources */ = {
			isa = PBXResourcesBuildPhase;
			buildActionMask = 2147483647;
			files = (
				69E650F527A588010069AF55 /* Assets.xcassets in Resources */,
			);
			runOnlyForDeploymentPostprocessing = 0;
		};
/* End PBXResourcesBuildPhase section */

/* Begin PBXSourcesBuildPhase section */
		69E650B527A587AA0069AF55 /* Sources */ = {
			isa = PBXSourcesBuildPhase;
			buildActionMask = 2147483647;
			files = (
				69E650BF27A587AA0069AF55 /* ContentView.swift in Sources */,
				48C8B88327A5A076009E906E /* LeagueEntryDTO.swift in Sources */,
				48C8B88127A5A00F009E906E /* SummonerDTO.swift in Sources */,
				48C8B88627A5A4BC009E906E /* Constraints.swift in Sources */,
				69E650F827A588010069AF55 /* LoLWidgetExtension.intentdefinition in Sources */,
				69E650BD27A587AA0069AF55 /* LoLWidgetApp.swift in Sources */,
				48BB030F27A5BE2E0067EB15 /* RiotQuery.swift in Sources */,
				48C8B87F27A59BD7009E906E /* RiotService.swift in Sources */,
			);
			runOnlyForDeploymentPostprocessing = 0;
		};
		69E650C527A587AC0069AF55 /* Sources */ = {
			isa = PBXSourcesBuildPhase;
			buildActionMask = 2147483647;
			files = (
				69E650CE27A587AC0069AF55 /* LoLWidgetTests.swift in Sources */,
				48BB031127A5BFD30067EB15 /* RiotServiceTests.swift in Sources */,
			);
			runOnlyForDeploymentPostprocessing = 0;
		};
		69E650CF27A587AC0069AF55 /* Sources */ = {
			isa = PBXSourcesBuildPhase;
			buildActionMask = 2147483647;
			files = (
				69E650DA27A587AC0069AF55 /* LoLWidgetUITestsLaunchTests.swift in Sources */,
				69E650D827A587AC0069AF55 /* LoLWidgetUITests.swift in Sources */,
			);
			runOnlyForDeploymentPostprocessing = 0;
		};
		69E650E627A588000069AF55 /* Sources */ = {
			isa = PBXSourcesBuildPhase;
			buildActionMask = 2147483647;
			files = (
				69E650F727A588010069AF55 /* LoLWidgetExtension.intentdefinition in Sources */,
				69E650F227A588000069AF55 /* LoLWidgetExtension.swift in Sources */,
			);
			runOnlyForDeploymentPostprocessing = 0;
		};
/* End PBXSourcesBuildPhase section */

/* Begin PBXTargetDependency section */
		69E650CB27A587AC0069AF55 /* PBXTargetDependency */ = {
			isa = PBXTargetDependency;
			target = 69E650B827A587AA0069AF55 /* LoLWidget */;
			targetProxy = 69E650CA27A587AC0069AF55 /* PBXContainerItemProxy */;
		};
		69E650D527A587AC0069AF55 /* PBXTargetDependency */ = {
			isa = PBXTargetDependency;
			target = 69E650B827A587AA0069AF55 /* LoLWidget */;
			targetProxy = 69E650D427A587AC0069AF55 /* PBXContainerItemProxy */;
		};
		69E650FA27A588010069AF55 /* PBXTargetDependency */ = {
			isa = PBXTargetDependency;
			target = 69E650E927A588000069AF55 /* LoLWidgetExtensionExtension */;
			targetProxy = 69E650F927A588010069AF55 /* PBXContainerItemProxy */;
		};
/* End PBXTargetDependency section */

/* Begin XCBuildConfiguration section */
		69E650DB27A587AC0069AF55 /* Debug */ = {
			isa = XCBuildConfiguration;
			buildSettings = {
				ALWAYS_SEARCH_USER_PATHS = NO;
				CLANG_ANALYZER_NONNULL = YES;
				CLANG_ANALYZER_NUMBER_OBJECT_CONVERSION = YES_AGGRESSIVE;
				CLANG_CXX_LANGUAGE_STANDARD = "gnu++17";
				CLANG_CXX_LIBRARY = "libc++";
				CLANG_ENABLE_MODULES = YES;
				CLANG_ENABLE_OBJC_ARC = YES;
				CLANG_ENABLE_OBJC_WEAK = YES;
				CLANG_WARN_BLOCK_CAPTURE_AUTORELEASING = YES;
				CLANG_WARN_BOOL_CONVERSION = YES;
				CLANG_WARN_COMMA = YES;
				CLANG_WARN_CONSTANT_CONVERSION = YES;
				CLANG_WARN_DEPRECATED_OBJC_IMPLEMENTATIONS = YES;
				CLANG_WARN_DIRECT_OBJC_ISA_USAGE = YES_ERROR;
				CLANG_WARN_DOCUMENTATION_COMMENTS = YES;
				CLANG_WARN_EMPTY_BODY = YES;
				CLANG_WARN_ENUM_CONVERSION = YES;
				CLANG_WARN_INFINITE_RECURSION = YES;
				CLANG_WARN_INT_CONVERSION = YES;
				CLANG_WARN_NON_LITERAL_NULL_CONVERSION = YES;
				CLANG_WARN_OBJC_IMPLICIT_RETAIN_SELF = YES;
				CLANG_WARN_OBJC_LITERAL_CONVERSION = YES;
				CLANG_WARN_OBJC_ROOT_CLASS = YES_ERROR;
				CLANG_WARN_QUOTED_INCLUDE_IN_FRAMEWORK_HEADER = YES;
				CLANG_WARN_RANGE_LOOP_ANALYSIS = YES;
				CLANG_WARN_STRICT_PROTOTYPES = YES;
				CLANG_WARN_SUSPICIOUS_MOVE = YES;
				CLANG_WARN_UNGUARDED_AVAILABILITY = YES_AGGRESSIVE;
				CLANG_WARN_UNREACHABLE_CODE = YES;
				CLANG_WARN__DUPLICATE_METHOD_MATCH = YES;
				COPY_PHASE_STRIP = NO;
				DEBUG_INFORMATION_FORMAT = dwarf;
				ENABLE_STRICT_OBJC_MSGSEND = YES;
				ENABLE_TESTABILITY = YES;
				GCC_C_LANGUAGE_STANDARD = gnu11;
				GCC_DYNAMIC_NO_PIC = NO;
				GCC_NO_COMMON_BLOCKS = YES;
				GCC_OPTIMIZATION_LEVEL = 0;
				GCC_PREPROCESSOR_DEFINITIONS = (
					"DEBUG=1",
					"$(inherited)",
				);
				GCC_WARN_64_TO_32_BIT_CONVERSION = YES;
				GCC_WARN_ABOUT_RETURN_TYPE = YES_ERROR;
				GCC_WARN_UNDECLARED_SELECTOR = YES;
				GCC_WARN_UNINITIALIZED_AUTOS = YES_AGGRESSIVE;
				GCC_WARN_UNUSED_FUNCTION = YES;
				GCC_WARN_UNUSED_VARIABLE = YES;
				IPHONEOS_DEPLOYMENT_TARGET = 15.2;
				MTL_ENABLE_DEBUG_INFO = INCLUDE_SOURCE;
				MTL_FAST_MATH = YES;
				ONLY_ACTIVE_ARCH = YES;
				SDKROOT = iphoneos;
				SWIFT_ACTIVE_COMPILATION_CONDITIONS = DEBUG;
				SWIFT_OPTIMIZATION_LEVEL = "-Onone";
			};
			name = Debug;
		};
		69E650DC27A587AC0069AF55 /* Release */ = {
			isa = XCBuildConfiguration;
			buildSettings = {
				ALWAYS_SEARCH_USER_PATHS = NO;
				CLANG_ANALYZER_NONNULL = YES;
				CLANG_ANALYZER_NUMBER_OBJECT_CONVERSION = YES_AGGRESSIVE;
				CLANG_CXX_LANGUAGE_STANDARD = "gnu++17";
				CLANG_CXX_LIBRARY = "libc++";
				CLANG_ENABLE_MODULES = YES;
				CLANG_ENABLE_OBJC_ARC = YES;
				CLANG_ENABLE_OBJC_WEAK = YES;
				CLANG_WARN_BLOCK_CAPTURE_AUTORELEASING = YES;
				CLANG_WARN_BOOL_CONVERSION = YES;
				CLANG_WARN_COMMA = YES;
				CLANG_WARN_CONSTANT_CONVERSION = YES;
				CLANG_WARN_DEPRECATED_OBJC_IMPLEMENTATIONS = YES;
				CLANG_WARN_DIRECT_OBJC_ISA_USAGE = YES_ERROR;
				CLANG_WARN_DOCUMENTATION_COMMENTS = YES;
				CLANG_WARN_EMPTY_BODY = YES;
				CLANG_WARN_ENUM_CONVERSION = YES;
				CLANG_WARN_INFINITE_RECURSION = YES;
				CLANG_WARN_INT_CONVERSION = YES;
				CLANG_WARN_NON_LITERAL_NULL_CONVERSION = YES;
				CLANG_WARN_OBJC_IMPLICIT_RETAIN_SELF = YES;
				CLANG_WARN_OBJC_LITERAL_CONVERSION = YES;
				CLANG_WARN_OBJC_ROOT_CLASS = YES_ERROR;
				CLANG_WARN_QUOTED_INCLUDE_IN_FRAMEWORK_HEADER = YES;
				CLANG_WARN_RANGE_LOOP_ANALYSIS = YES;
				CLANG_WARN_STRICT_PROTOTYPES = YES;
				CLANG_WARN_SUSPICIOUS_MOVE = YES;
				CLANG_WARN_UNGUARDED_AVAILABILITY = YES_AGGRESSIVE;
				CLANG_WARN_UNREACHABLE_CODE = YES;
				CLANG_WARN__DUPLICATE_METHOD_MATCH = YES;
				COPY_PHASE_STRIP = NO;
				DEBUG_INFORMATION_FORMAT = "dwarf-with-dsym";
				ENABLE_NS_ASSERTIONS = NO;
				ENABLE_STRICT_OBJC_MSGSEND = YES;
				GCC_C_LANGUAGE_STANDARD = gnu11;
				GCC_NO_COMMON_BLOCKS = YES;
				GCC_WARN_64_TO_32_BIT_CONVERSION = YES;
				GCC_WARN_ABOUT_RETURN_TYPE = YES_ERROR;
				GCC_WARN_UNDECLARED_SELECTOR = YES;
				GCC_WARN_UNINITIALIZED_AUTOS = YES_AGGRESSIVE;
				GCC_WARN_UNUSED_FUNCTION = YES;
				GCC_WARN_UNUSED_VARIABLE = YES;
				IPHONEOS_DEPLOYMENT_TARGET = 15.2;
				MTL_ENABLE_DEBUG_INFO = NO;
				MTL_FAST_MATH = YES;
				SDKROOT = iphoneos;
				SWIFT_COMPILATION_MODE = wholemodule;
				SWIFT_OPTIMIZATION_LEVEL = "-O";
				VALIDATE_PRODUCT = YES;
			};
			name = Release;
		};
		69E650DE27A587AC0069AF55 /* Debug */ = {
			isa = XCBuildConfiguration;
			baseConfigurationReference = 48C8B88727A5AA52009E906E /* Shared.xcconfig */;
			buildSettings = {
				ALWAYS_EMBED_SWIFT_STANDARD_LIBRARIES = YES;
				ASSETCATALOG_COMPILER_APPICON_NAME = AppIcon;
				ASSETCATALOG_COMPILER_GLOBAL_ACCENT_COLOR_NAME = AccentColor;
				CODE_SIGN_STYLE = Automatic;
				CURRENT_PROJECT_VERSION = 1;
				DEVELOPMENT_ASSET_PATHS = "\"LoLWidget/Preview Content\"";
				DEVELOPMENT_TEAM = 78X32W2D44;
				ENABLE_PREVIEWS = YES;
				GENERATE_INFOPLIST_FILE = YES;
				INFOPLIST_FILE = LoLWidget/Info.plist;
				INFOPLIST_KEY_UIApplicationSceneManifest_Generation = YES;
				INFOPLIST_KEY_UIApplicationSupportsIndirectInputEvents = YES;
				INFOPLIST_KEY_UILaunchScreen_Generation = YES;
				INFOPLIST_KEY_UISupportedInterfaceOrientations_iPad = "UIInterfaceOrientationPortrait UIInterfaceOrientationPortraitUpsideDown UIInterfaceOrientationLandscapeLeft UIInterfaceOrientationLandscapeRight";
				INFOPLIST_KEY_UISupportedInterfaceOrientations_iPhone = "UIInterfaceOrientationPortrait UIInterfaceOrientationLandscapeLeft UIInterfaceOrientationLandscapeRight";
				LD_RUNPATH_SEARCH_PATHS = (
					"$(inherited)",
					"@executable_path/Frameworks",
				);
				MARKETING_VERSION = 1.0;
				PRODUCT_BUNDLE_IDENTIFIER = Jay.LoLWidget;
				PRODUCT_NAME = "$(TARGET_NAME)";
				SWIFT_EMIT_LOC_STRINGS = YES;
				SWIFT_VERSION = 5.0;
				TARGETED_DEVICE_FAMILY = "1,2";
			};
			name = Debug;
		};
		69E650DF27A587AC0069AF55 /* Release */ = {
			isa = XCBuildConfiguration;
			baseConfigurationReference = 48C8B88727A5AA52009E906E /* Shared.xcconfig */;
			buildSettings = {
				ALWAYS_EMBED_SWIFT_STANDARD_LIBRARIES = YES;
				ASSETCATALOG_COMPILER_APPICON_NAME = AppIcon;
				ASSETCATALOG_COMPILER_GLOBAL_ACCENT_COLOR_NAME = AccentColor;
				CODE_SIGN_STYLE = Automatic;
				CURRENT_PROJECT_VERSION = 1;
				DEVELOPMENT_ASSET_PATHS = "\"LoLWidget/Preview Content\"";
				DEVELOPMENT_TEAM = 78X32W2D44;
				ENABLE_PREVIEWS = YES;
				GENERATE_INFOPLIST_FILE = YES;
				INFOPLIST_FILE = LoLWidget/Info.plist;
				INFOPLIST_KEY_UIApplicationSceneManifest_Generation = YES;
				INFOPLIST_KEY_UIApplicationSupportsIndirectInputEvents = YES;
				INFOPLIST_KEY_UILaunchScreen_Generation = YES;
				INFOPLIST_KEY_UISupportedInterfaceOrientations_iPad = "UIInterfaceOrientationPortrait UIInterfaceOrientationPortraitUpsideDown UIInterfaceOrientationLandscapeLeft UIInterfaceOrientationLandscapeRight";
				INFOPLIST_KEY_UISupportedInterfaceOrientations_iPhone = "UIInterfaceOrientationPortrait UIInterfaceOrientationLandscapeLeft UIInterfaceOrientationLandscapeRight";
				LD_RUNPATH_SEARCH_PATHS = (
					"$(inherited)",
					"@executable_path/Frameworks",
				);
				MARKETING_VERSION = 1.0;
				PRODUCT_BUNDLE_IDENTIFIER = Jay.LoLWidget;
				PRODUCT_NAME = "$(TARGET_NAME)";
				SWIFT_EMIT_LOC_STRINGS = YES;
				SWIFT_VERSION = 5.0;
				TARGETED_DEVICE_FAMILY = "1,2";
			};
			name = Release;
		};
		69E650E127A587AC0069AF55 /* Debug */ = {
			isa = XCBuildConfiguration;
			buildSettings = {
				ALWAYS_EMBED_SWIFT_STANDARD_LIBRARIES = YES;
				BUNDLE_LOADER = "$(TEST_HOST)";
				CODE_SIGN_STYLE = Automatic;
				CURRENT_PROJECT_VERSION = 1;
				DEVELOPMENT_TEAM = 78X32W2D44;
				GENERATE_INFOPLIST_FILE = YES;
				IPHONEOS_DEPLOYMENT_TARGET = 15.2;
				MARKETING_VERSION = 1.0;
				PRODUCT_BUNDLE_IDENTIFIER = Jay.LoLWidgetTests;
				PRODUCT_NAME = "$(TARGET_NAME)";
				SWIFT_EMIT_LOC_STRINGS = NO;
				SWIFT_VERSION = 5.0;
				TARGETED_DEVICE_FAMILY = "1,2";
				TEST_HOST = "$(BUILT_PRODUCTS_DIR)/LoLWidget.app/LoLWidget";
			};
			name = Debug;
		};
		69E650E227A587AC0069AF55 /* Release */ = {
			isa = XCBuildConfiguration;
			buildSettings = {
				ALWAYS_EMBED_SWIFT_STANDARD_LIBRARIES = YES;
				BUNDLE_LOADER = "$(TEST_HOST)";
				CODE_SIGN_STYLE = Automatic;
				CURRENT_PROJECT_VERSION = 1;
				DEVELOPMENT_TEAM = 78X32W2D44;
				GENERATE_INFOPLIST_FILE = YES;
				IPHONEOS_DEPLOYMENT_TARGET = 15.2;
				MARKETING_VERSION = 1.0;
				PRODUCT_BUNDLE_IDENTIFIER = Jay.LoLWidgetTests;
				PRODUCT_NAME = "$(TARGET_NAME)";
				SWIFT_EMIT_LOC_STRINGS = NO;
				SWIFT_VERSION = 5.0;
				TARGETED_DEVICE_FAMILY = "1,2";
				TEST_HOST = "$(BUILT_PRODUCTS_DIR)/LoLWidget.app/LoLWidget";
			};
			name = Release;
		};
		69E650E427A587AC0069AF55 /* Debug */ = {
			isa = XCBuildConfiguration;
			buildSettings = {
				ALWAYS_EMBED_SWIFT_STANDARD_LIBRARIES = YES;
				CODE_SIGN_STYLE = Automatic;
				CURRENT_PROJECT_VERSION = 1;
				DEVELOPMENT_TEAM = 78X32W2D44;
				GENERATE_INFOPLIST_FILE = YES;
				MARKETING_VERSION = 1.0;
				PRODUCT_BUNDLE_IDENTIFIER = Jay.LoLWidgetUITests;
				PRODUCT_NAME = "$(TARGET_NAME)";
				SWIFT_EMIT_LOC_STRINGS = NO;
				SWIFT_VERSION = 5.0;
				TARGETED_DEVICE_FAMILY = "1,2";
				TEST_TARGET_NAME = LoLWidget;
			};
			name = Debug;
		};
		69E650E527A587AC0069AF55 /* Release */ = {
			isa = XCBuildConfiguration;
			buildSettings = {
				ALWAYS_EMBED_SWIFT_STANDARD_LIBRARIES = YES;
				CODE_SIGN_STYLE = Automatic;
				CURRENT_PROJECT_VERSION = 1;
				DEVELOPMENT_TEAM = 78X32W2D44;
				GENERATE_INFOPLIST_FILE = YES;
				MARKETING_VERSION = 1.0;
				PRODUCT_BUNDLE_IDENTIFIER = Jay.LoLWidgetUITests;
				PRODUCT_NAME = "$(TARGET_NAME)";
				SWIFT_EMIT_LOC_STRINGS = NO;
				SWIFT_VERSION = 5.0;
				TARGETED_DEVICE_FAMILY = "1,2";
				TEST_TARGET_NAME = LoLWidget;
			};
			name = Release;
		};
		69E650FD27A588010069AF55 /* Debug */ = {
			isa = XCBuildConfiguration;
			baseConfigurationReference = 48C8B88727A5AA52009E906E /* Shared.xcconfig */;
			buildSettings = {
				ASSETCATALOG_COMPILER_GLOBAL_ACCENT_COLOR_NAME = AccentColor;
				ASSETCATALOG_COMPILER_WIDGET_BACKGROUND_COLOR_NAME = WidgetBackground;
				CODE_SIGN_STYLE = Automatic;
				CURRENT_PROJECT_VERSION = 1;
				DEVELOPMENT_TEAM = 78X32W2D44;
				GENERATE_INFOPLIST_FILE = YES;
				INFOPLIST_FILE = LoLWidgetExtension/Info.plist;
				INFOPLIST_KEY_CFBundleDisplayName = LoLWidgetExtension;
				INFOPLIST_KEY_NSHumanReadableCopyright = "";
				LD_RUNPATH_SEARCH_PATHS = (
					"$(inherited)",
					"@executable_path/Frameworks",
					"@executable_path/../../Frameworks",
				);
				MARKETING_VERSION = 1.0;
				PRODUCT_BUNDLE_IDENTIFIER = Jay.LoLWidget.LoLWidgetExtension;
				PRODUCT_NAME = "$(TARGET_NAME)";
				SKIP_INSTALL = YES;
				SWIFT_EMIT_LOC_STRINGS = YES;
				SWIFT_VERSION = 5.0;
				TARGETED_DEVICE_FAMILY = "1,2";
			};
			name = Debug;
		};
		69E650FE27A588010069AF55 /* Release */ = {
			isa = XCBuildConfiguration;
			baseConfigurationReference = 48C8B88727A5AA52009E906E /* Shared.xcconfig */;
			buildSettings = {
				ASSETCATALOG_COMPILER_GLOBAL_ACCENT_COLOR_NAME = AccentColor;
				ASSETCATALOG_COMPILER_WIDGET_BACKGROUND_COLOR_NAME = WidgetBackground;
				CODE_SIGN_STYLE = Automatic;
				CURRENT_PROJECT_VERSION = 1;
				DEVELOPMENT_TEAM = 78X32W2D44;
				GENERATE_INFOPLIST_FILE = YES;
				INFOPLIST_FILE = LoLWidgetExtension/Info.plist;
				INFOPLIST_KEY_CFBundleDisplayName = LoLWidgetExtension;
				INFOPLIST_KEY_NSHumanReadableCopyright = "";
				LD_RUNPATH_SEARCH_PATHS = (
					"$(inherited)",
					"@executable_path/Frameworks",
					"@executable_path/../../Frameworks",
				);
				MARKETING_VERSION = 1.0;
				PRODUCT_BUNDLE_IDENTIFIER = Jay.LoLWidget.LoLWidgetExtension;
				PRODUCT_NAME = "$(TARGET_NAME)";
				SKIP_INSTALL = YES;
				SWIFT_EMIT_LOC_STRINGS = YES;
				SWIFT_VERSION = 5.0;
				TARGETED_DEVICE_FAMILY = "1,2";
			};
			name = Release;
		};
/* End XCBuildConfiguration section */

/* Begin XCConfigurationList section */
		69E650B427A587AA0069AF55 /* Build configuration list for PBXProject "LoLWidget" */ = {
			isa = XCConfigurationList;
			buildConfigurations = (
				69E650DB27A587AC0069AF55 /* Debug */,
				69E650DC27A587AC0069AF55 /* Release */,
			);
			defaultConfigurationIsVisible = 0;
			defaultConfigurationName = Release;
		};
		69E650DD27A587AC0069AF55 /* Build configuration list for PBXNativeTarget "LoLWidget" */ = {
			isa = XCConfigurationList;
			buildConfigurations = (
				69E650DE27A587AC0069AF55 /* Debug */,
				69E650DF27A587AC0069AF55 /* Release */,
			);
			defaultConfigurationIsVisible = 0;
			defaultConfigurationName = Release;
		};
		69E650E027A587AC0069AF55 /* Build configuration list for PBXNativeTarget "LoLWidgetTests" */ = {
			isa = XCConfigurationList;
			buildConfigurations = (
				69E650E127A587AC0069AF55 /* Debug */,
				69E650E227A587AC0069AF55 /* Release */,
			);
			defaultConfigurationIsVisible = 0;
			defaultConfigurationName = Release;
		};
		69E650E327A587AC0069AF55 /* Build configuration list for PBXNativeTarget "LoLWidgetUITests" */ = {
			isa = XCConfigurationList;
			buildConfigurations = (
				69E650E427A587AC0069AF55 /* Debug */,
				69E650E527A587AC0069AF55 /* Release */,
			);
			defaultConfigurationIsVisible = 0;
			defaultConfigurationName = Release;
		};
		69E650FC27A588010069AF55 /* Build configuration list for PBXNativeTarget "LoLWidgetExtensionExtension" */ = {
			isa = XCConfigurationList;
			buildConfigurations = (
				69E650FD27A588010069AF55 /* Debug */,
				69E650FE27A588010069AF55 /* Release */,
			);
			defaultConfigurationIsVisible = 0;
			defaultConfigurationName = Release;
		};
/* End XCConfigurationList section */

/* Begin XCRemoteSwiftPackageReference section */
		48BB030B27A5B0830067EB15 /* XCRemoteSwiftPackageReference "Moya" */ = {
			isa = XCRemoteSwiftPackageReference;
			repositoryURL = "https://github.com/Moya/Moya";
			requirement = {
				kind = upToNextMajorVersion;
				minimumVersion = 15.0.0;
			};
		};
		48C8B88827A5AE72009E906E /* XCRemoteSwiftPackageReference "Alamofire" */ = {
			isa = XCRemoteSwiftPackageReference;
			repositoryURL = "https://github.com/Alamofire/Alamofire";
			requirement = {
				kind = upToNextMajorVersion;
				minimumVersion = 5.0.0;
			};
		};
/* End XCRemoteSwiftPackageReference section */

/* Begin XCSwiftPackageProductDependency section */
		48BB030C27A5B0830067EB15 /* Moya */ = {
			isa = XCSwiftPackageProductDependency;
			package = 48BB030B27A5B0830067EB15 /* XCRemoteSwiftPackageReference "Moya" */;
			productName = Moya;
		};
		48C8B88927A5AE72009E906E /* Alamofire */ = {
			isa = XCSwiftPackageProductDependency;
			package = 48C8B88827A5AE72009E906E /* XCRemoteSwiftPackageReference "Alamofire" */;
			productName = Alamofire;
		};
/* End XCSwiftPackageProductDependency section */
	};
	rootObject = 69E650B127A587AA0069AF55 /* Project object */;
}
